// !$*UTF8*$!
{
	archiveVersion = 1;
	classes = {
	};
	objectVersion = 48;
	objects = {

/* Begin PBXBuildFile section */
		D118C0062065131400DBE4C0 /* AppDelegate.swift in Sources */ = {isa = PBXBuildFile; fileRef = D118C0052065131400DBE4C0 /* AppDelegate.swift */; };
		D118C0082065131400DBE4C0 /* TodoListViewController.swift in Sources */ = {isa = PBXBuildFile; fileRef = D118C0072065131400DBE4C0 /* TodoListViewController.swift */; };
		D118C00B2065131400DBE4C0 /* Main.storyboard in Resources */ = {isa = PBXBuildFile; fileRef = D118C0092065131400DBE4C0 /* Main.storyboard */; };
		D118C00D2065131400DBE4C0 /* Assets.xcassets in Resources */ = {isa = PBXBuildFile; fileRef = D118C00C2065131400DBE4C0 /* Assets.xcassets */; };
		D118C0102065131500DBE4C0 /* LaunchScreen.storyboard in Resources */ = {isa = PBXBuildFile; fileRef = D118C00E2065131500DBE4C0 /* LaunchScreen.storyboard */; };
		D1285C2F2066D6F1007957A4 /* Item.swift in Sources */ = {isa = PBXBuildFile; fileRef = D1285C2E2066D6F1007957A4 /* Item.swift */; };
/* End PBXBuildFile section */

/* Begin PBXFileReference section */
		D118C0022065131400DBE4C0 /* Todoey.app */ = {isa = PBXFileReference; explicitFileType = wrapper.application; includeInIndex = 0; path = Todoey.app; sourceTree = BUILT_PRODUCTS_DIR; };
		D118C0052065131400DBE4C0 /* AppDelegate.swift */ = {isa = PBXFileReference; lastKnownFileType = sourcecode.swift; path = AppDelegate.swift; sourceTree = "<group>"; };
		D118C0072065131400DBE4C0 /* TodoListViewController.swift */ = {isa = PBXFileReference; lastKnownFileType = sourcecode.swift; path = TodoListViewController.swift; sourceTree = "<group>"; };
		D118C00A2065131400DBE4C0 /* Base */ = {isa = PBXFileReference; lastKnownFileType = file.storyboard; name = Base; path = Base.lproj/Main.storyboard; sourceTree = "<group>"; };
		D118C00C2065131400DBE4C0 /* Assets.xcassets */ = {isa = PBXFileReference; lastKnownFileType = folder.assetcatalog; path = Assets.xcassets; sourceTree = "<group>"; };
		D118C00F2065131500DBE4C0 /* Base */ = {isa = PBXFileReference; lastKnownFileType = file.storyboard; name = Base; path = Base.lproj/LaunchScreen.storyboard; sourceTree = "<group>"; };
		D118C0112065131500DBE4C0 /* Info.plist */ = {isa = PBXFileReference; lastKnownFileType = text.plist.xml; path = Info.plist; sourceTree = "<group>"; };
		D1285C2E2066D6F1007957A4 /* Item.swift */ = {isa = PBXFileReference; lastKnownFileType = sourcecode.swift; path = Item.swift; sourceTree = "<group>"; };
/* End PBXFileReference section */

/* Begin PBXFrameworksBuildPhase section */
		D118BFFF2065131400DBE4C0 /* Frameworks */ = {
			isa = PBXFrameworksBuildPhase;
			buildActionMask = 2147483647;
			files = (
			);
			runOnlyForDeploymentPostprocessing = 0;
		};
/* End PBXFrameworksBuildPhase section */

/* Begin PBXGroup section */
		D118BFF92065131400DBE4C0 = {
			isa = PBXGroup;
			children = (
				D118C0042065131400DBE4C0 /* Todoey */,
				D118C0032065131400DBE4C0 /* Products */,
			);
			sourceTree = "<group>";
		};
		D118C0032065131400DBE4C0 /* Products */ = {
			isa = PBXGroup;
			children = (
				D118C0022065131400DBE4C0 /* Todoey.app */,
			);
			name = Products;
			sourceTree = "<group>";
		};
		D118C0042065131400DBE4C0 /* Todoey */ = {
			isa = PBXGroup;
			children = (
				D118C0052065131400DBE4C0 /* AppDelegate.swift */,
				D1285C322066D87E007957A4 /* Controller */,
				D1285C312066D877007957A4 /* View */,
				D1285C302066D86C007957A4 /* Model */,
				D1285C332066D8EB007957A4 /* Supporting Files */,
				D118C0112065131500DBE4C0 /* Info.plist */,
			);
			path = Todoey;
			sourceTree = "<group>";
		};
		D1285C302066D86C007957A4 /* Model */ = {
			isa = PBXGroup;
			children = (
				D1285C2E2066D6F1007957A4 /* Item.swift */,
			);
			path = Model;
			sourceTree = "<group>";
		};
		D1285C312066D877007957A4 /* View */ = {
			isa = PBXGroup;
			children = (
				D118C0092065131400DBE4C0 /* Main.storyboard */,
			);
			path = View;
			sourceTree = "<group>";
		};
		D1285C322066D87E007957A4 /* Controller */ = {
			isa = PBXGroup;
			children = (
				D118C0072065131400DBE4C0 /* TodoListViewController.swift */,
			);
			path = Controller;
			sourceTree = "<group>";
		};
		D1285C332066D8EB007957A4 /* Supporting Files */ = {
			isa = PBXGroup;
			children = (
				D118C00C2065131400DBE4C0 /* Assets.xcassets */,
				D118C00E2065131500DBE4C0 /* LaunchScreen.storyboard */,
			);
			path = "Supporting Files";
			sourceTree = "<group>";
		};
/* End PBXGroup section */

/* Begin PBXNativeTarget section */
		D118C0012065131400DBE4C0 /* Todoey */ = {
			isa = PBXNativeTarget;
			buildConfigurationList = D118C0142065131500DBE4C0 /* Build configuration list for PBXNativeTarget "Todoey" */;
			buildPhases = (
				D118BFFE2065131400DBE4C0 /* Sources */,
				D118BFFF2065131400DBE4C0 /* Frameworks */,
				D118C0002065131400DBE4C0 /* Resources */,
			);
			buildRules = (
			);
			dependencies = (
			);
			name = Todoey;
			productName = Todoey;
			productReference = D118C0022065131400DBE4C0 /* Todoey.app */;
			productType = "com.apple.product-type.application";
		};
/* End PBXNativeTarget section */

/* Begin PBXProject section */
		D118BFFA2065131400DBE4C0 /* Project object */ = {
			isa = PBXProject;
			attributes = {
				LastSwiftUpdateCheck = 0920;
				LastUpgradeCheck = 0920;
				ORGANIZATIONNAME = "Arpit Garg";
				TargetAttributes = {
					D118C0012065131400DBE4C0 = {
						CreatedOnToolsVersion = 9.2;
						ProvisioningStyle = Automatic;
					};
				};
			};
			buildConfigurationList = D118BFFD2065131400DBE4C0 /* Build configuration list for PBXProject "Todoey" */;
			compatibilityVersion = "Xcode 8.0";
			developmentRegion = en;
			hasScannedForEncodings = 0;
			knownRegions = (
				en,
				Base,
			);
			mainGroup = D118BFF92065131400DBE4C0;
			productRefGroup = D118C0032065131400DBE4C0 /* Products */;
			projectDirPath = "";
			projectRoot = "";
			targets = (
				D118C0012065131400DBE4C0 /* Todoey */,
			);
		};
/* End PBXProject section */

/* Begin PBXResourcesBuildPhase section */
		D118C0002065131400DBE4C0 /* Resources */ = {
			isa = PBXResourcesBuildPhase;
			buildActionMask = 2147483647;
			files = (
				D118C0102065131500DBE4C0 /* LaunchScreen.storyboard in Resources */,
				D118C00D2065131400DBE4C0 /* Assets.xcassets in Resources */,
				D118C00B2065131400DBE4C0 /* Main.storyboard in Resources */,
			);
			runOnlyForDeploymentPostprocessing = 0;
		};
/* End PBXResourcesBuildPhase section */

/* Begin PBXSourcesBuildPhase section */
		D118BFFE2065131400DBE4C0 /* Sources */ = {
			isa = PBXSourcesBuildPhase;
			buildActionMask = 2147483647;
			files = (
				D118C0082065131400DBE4C0 /* TodoListViewController.swift in Sources */,
				D1285C2F2066D6F1007957A4 /* Item.swift in Sources */,
				D118C0062065131400DBE4C0 /* AppDelegate.swift in Sources */,
			);
			runOnlyForDeploymentPostprocessing = 0;
		};
/* End PBXSourcesBuildPhase section */

/* Begin PBXVariantGroup section */
		D118C0092065131400DBE4C0 /* Main.storyboard */ = {
			isa = PBXVariantGroup;
			children = (
				D118C00A2065131400DBE4C0 /* Base */,
			);
			name = Main.storyboard;
			sourceTree = "<group>";
		};
		D118C00E2065131500DBE4C0 /* LaunchScreen.storyboard */ = {
			isa = PBXVariantGroup;
			children = (
				D118C00F2065131500DBE4C0 /* Base */,
			);
			name = LaunchScreen.storyboard;
			sourceTree = "<group>";
		};
/* End PBXVariantGroup section */

/* Begin XCBuildConfiguration section */
		D118C0122065131500DBE4C0 /* Debug */ = {
			isa = XCBuildConfiguration;
			buildSettings = {
				ALWAYS_SEARCH_USER_PATHS = NO;
				CLANG_ANALYZER_NONNULL = YES;
				CLANG_ANALYZER_NUMBER_OBJECT_CONVERSION = YES_AGGRESSIVE;
				CLANG_CXX_LANGUAGE_STANDARD = "gnu++14";
				CLANG_CXX_LIBRARY = "libc++";
				CLANG_ENABLE_MODULES = YES;
				CLANG_ENABLE_OBJC_ARC = YES;
				CLANG_WARN_BLOCK_CAPTURE_AUTORELEASING = YES;
				CLANG_WARN_BOOL_CONVERSION = YES;
				CLANG_WARN_COMMA = YES;
				CLANG_WARN_CONSTANT_CONVERSION = YES;
				CLANG_WARN_DIRECT_OBJC_ISA_USAGE = YES_ERROR;
				CLANG_WARN_DOCUMENTATION_COMMENTS = YES;
				CLANG_WARN_EMPTY_BODY = YES;
				CLANG_WARN_ENUM_CONVERSION = YES;
				CLANG_WARN_INFINITE_RECURSION = YES;
				CLANG_WARN_INT_CONVERSION = YES;
				CLANG_WARN_NON_LITERAL_NULL_CONVERSION = YES;
				CLANG_WARN_OBJC_LITERAL_CONVERSION = YES;
				CLANG_WARN_OBJC_ROOT_CLASS = YES_ERROR;
				CLANG_WARN_RANGE_LOOP_ANALYSIS = YES;
				CLANG_WARN_STRICT_PROTOTYPES = YES;
				CLANG_WARN_SUSPICIOUS_MOVE = YES;
				CLANG_WARN_UNGUARDED_AVAILABILITY = YES_AGGRESSIVE;
				CLANG_WARN_UNREACHABLE_CODE = YES;
				CLANG_WARN__DUPLICATE_METHOD_MATCH = YES;
				CODE_SIGN_IDENTITY = "iPhone Developer";
				COPY_PHASE_STRIP = NO;
				DEBUG_INFORMATION_FORMAT = dwarf;
				ENABLE_STRICT_OBJC_MSGSEND = YES;
				ENABLE_TESTABILITY = YES;
				GCC_C_LANGUAGE_STANDARD = gnu11;
				GCC_DYNAMIC_NO_PIC = NO;
				GCC_NO_COMMON_BLOCKS = YES;
				GCC_OPTIMIZATION_LEVEL = 0;
				GCC_PREPROCESSOR_DEFINITIONS = (
					"DEBUG=1",
					"$(inherited)",
				);
				GCC_WARN_64_TO_32_BIT_CONVERSION = YES;
				GCC_WARN_ABOUT_RETURN_TYPE = YES_ERROR;
				GCC_WARN_UNDECLARED_SELECTOR = YES;
				GCC_WARN_UNINITIALIZED_AUTOS = YES_AGGRESSIVE;
				GCC_WARN_UNUSED_FUNCTION = YES;
				GCC_WARN_UNUSED_VARIABLE = YES;
				IPHONEOS_DEPLOYMENT_TARGET = 11.2;
				MTL_ENABLE_DEBUG_INFO = YES;
				ONLY_ACTIVE_ARCH = YES;
				SDKROOT = iphoneos;
				SWIFT_ACTIVE_COMPILATION_CONDITIONS = DEBUG;
				SWIFT_OPTIMIZATION_LEVEL = "-Onone";
			};
			name = Debug;
		};
		D118C0132065131500DBE4C0 /* Release */ = {
			isa = XCBuildConfiguration;
			buildSettings = {
				ALWAYS_SEARCH_USER_PATHS = NO;
				CLANG_ANALYZER_NONNULL = YES;
				CLANG_ANALYZER_NUMBER_OBJECT_CONVERSION = YES_AGGRESSIVE;
				CLANG_CXX_LANGUAGE_STANDARD = "gnu++14";
				CLANG_CXX_LIBRARY = "libc++";
				CLANG_ENABLE_MODULES = YES;
				CLANG_ENABLE_OBJC_ARC = YES;
				CLANG_WARN_BLOCK_CAPTURE_AUTORELEASING = YES;
				CLANG_WARN_BOOL_CONVERSION = YES;
				CLANG_WARN_COMMA = YES;
				CLANG_WARN_CONSTANT_CONVERSION = YES;
				CLANG_WARN_DIRECT_OBJC_ISA_USAGE = YES_ERROR;
				CLANG_WARN_DOCUMENTATION_COMMENTS = YES;
				CLANG_WARN_EMPTY_BODY = YES;
				CLANG_WARN_ENUM_CONVERSION = YES;
				CLANG_WARN_INFINITE_RECURSION = YES;
				CLANG_WARN_INT_CONVERSION = YES;
				CLANG_WARN_NON_LITERAL_NULL_CONVERSION = YES;
				CLANG_WARN_OBJC_LITERAL_CONVERSION = YES;
				CLANG_WARN_OBJC_ROOT_CLASS = YES_ERROR;
				CLANG_WARN_RANGE_LOOP_ANALYSIS = YES;
				CLANG_WARN_STRICT_PROTOTYPES = YES;
				CLANG_WARN_SUSPICIOUS_MOVE = YES;
				CLANG_WARN_UNGUARDED_AVAILABILITY = YES_AGGRESSIVE;
				CLANG_WARN_UNREACHABLE_CODE = YES;
				CLANG_WARN__DUPLICATE_METHOD_MATCH = YES;
				CODE_SIGN_IDENTITY = "iPhone Developer";
				COPY_PHASE_STRIP = NO;
				DEBUG_INFORMATION_FORMAT = "dwarf-with-dsym";
				ENABLE_NS_ASSERTIONS = NO;
				ENABLE_STRICT_OBJC_MSGSEND = YES;
				GCC_C_LANGUAGE_STANDARD = gnu11;
				GCC_NO_COMMON_BLOCKS = YES;
				GCC_WARN_64_TO_32_BIT_CONVERSION = YES;
				GCC_WARN_ABOUT_RETURN_TYPE = YES_ERROR;
				GCC_WARN_UNDECLARED_SELECTOR = YES;
				GCC_WARN_UNINITIALIZED_AUTOS = YES_AGGRESSIVE;
				GCC_WARN_UNUSED_FUNCTION = YES;
				GCC_WARN_UNUSED_VARIABLE = YES;
				IPHONEOS_DEPLOYMENT_TARGET = 11.2;
				MTL_ENABLE_DEBUG_INFO = NO;
				SDKROOT = iphoneos;
				SWIFT_OPTIMIZATION_LEVEL = "-Owholemodule";
				VALIDATE_PRODUCT = YES;
			};
			name = Release;
		};
		D118C0152065131500DBE4C0 /* Debug */ = {
			isa = XCBuildConfiguration;
			buildSettings = {
				ASSETCATALOG_COMPILER_APPICON_NAME = AppIcon;
				CODE_SIGN_STYLE = Automatic;
				DEVELOPMENT_TEAM = ZQWYP9SQPH;
				INFOPLIST_FILE = Todoey/Info.plist;
				LD_RUNPATH_SEARCH_PATHS = "$(inherited) @executable_path/Frameworks";
				PRODUCT_BUNDLE_IDENTIFIER = com.arpitgarg.Todoey;
				PRODUCT_NAME = "$(TARGET_NAME)";
				SWIFT_VERSION = 4.0;
				TARGETED_DEVICE_FAMILY = 1;
			};
			name = Debug;
		};
		D118C0162065131500DBE4C0 /* Release */ = {
			isa = XCBuildConfiguration;
			buildSettings = {
				ASSETCATALOG_COMPILER_APPICON_NAME = AppIcon;
				CODE_SIGN_STYLE = Automatic;
				DEVELOPMENT_TEAM = ZQWYP9SQPH;
				INFOPLIST_FILE = Todoey/Info.plist;
				LD_RUNPATH_SEARCH_PATHS = "$(inherited) @executable_path/Frameworks";
				PRODUCT_BUNDLE_IDENTIFIER = com.arpitgarg.Todoey;
				PRODUCT_NAME = "$(TARGET_NAME)";
				SWIFT_VERSION = 4.0;
				TARGETED_DEVICE_FAMILY = 1;
			};
			name = Release;
		};
/* End XCBuildConfiguration section */

/* Begin XCConfigurationList section */
		D118BFFD2065131400DBE4C0 /* Build configuration list for PBXProject "Todoey" */ = {
			isa = XCConfigurationList;
			buildConfigurations = (
				D118C0122065131500DBE4C0 /* Debug */,
				D118C0132065131500DBE4C0 /* Release */,
			);
			defaultConfigurationIsVisible = 0;
			defaultConfigurationName = Release;
		};
		D118C0142065131500DBE4C0 /* Build configuration list for PBXNativeTarget "Todoey" */ = {
			isa = XCConfigurationList;
			buildConfigurations = (
				D118C0152065131500DBE4C0 /* Debug */,
				D118C0162065131500DBE4C0 /* Release */,
			);
			defaultConfigurationIsVisible = 0;
			defaultConfigurationName = Release;
		};
/* End XCConfigurationList section */
	};
	rootObject = D118BFFA2065131400DBE4C0 /* Project object */;
}
